
Microsoft Visual Studio Solution File, Format Version 12.00
# Visual Studio Version 17
VisualStudioVersion = 17.14.36127.28
MinimumVisualStudioVersion = 10.0.40219.1
Project("{FAE04EC0-301F-11D3-BF4B-00C04F79EFBC}") = "SkullQueenServer", "SkullQueenServer\SkullQueenServer.csproj", "{BBF469D3-7B61-4AD3-ADA4-9907EE2101EE}"
EndProject
Project("{FAE04EC0-301F-11D3-BF4B-00C04F79EFBC}") = "SkullQueenClient", "SkullQueenClient\SkullQueenClient.csproj", "{27F5B4FB-DB5F-480F-A5D6-7709AF9AB867}"
EndProject
Project("{FAE04EC0-301F-11D3-BF4B-00C04F79EFBC}") = "Shared", "Shared\Shared.csproj", "{87026AEA-444C-4E8D-AB21-F636DCC46FFD}"
EndProject
Global
	GlobalSection(SolutionConfigurationPlatforms) = preSolution
		Debug|Any CPU = Debug|Any CPU
		Release|Any CPU = Release|Any CPU
	EndGlobalSection
	GlobalSection(ProjectConfigurationPlatforms) = postSolution
		{BBF469D3-7B61-4AD3-ADA4-9907EE2101EE}.Debug|Any CPU.ActiveCfg = Debug|Any CPU
		{BBF469D3-7B61-4AD3-ADA4-9907EE2101EE}.Debug|Any CPU.Build.0 = Debug|Any CPU
		{BBF469D3-7B61-4AD3-ADA4-9907EE2101EE}.Release|Any CPU.ActiveCfg = Release|Any CPU
		{BBF469D3-7B61-4AD3-ADA4-9907EE2101EE}.Release|Any CPU.Build.0 = Release|Any CPU
		{27F5B4FB-DB5F-480F-A5D6-7709AF9AB867}.Debug|Any CPU.ActiveCfg = Debug|Any CPU
		{27F5B4FB-DB5F-480F-A5D6-7709AF9AB867}.Debug|Any CPU.Build.0 = Debug|Any CPU
		{27F5B4FB-DB5F-480F-A5D6-7709AF9AB867}.Release|Any CPU.ActiveCfg = Release|Any CPU
		{27F5B4FB-DB5F-480F-A5D6-7709AF9AB867}.Release|Any CPU.Build.0 = Release|Any CPU
		{87026AEA-444C-4E8D-AB21-F636DCC46FFD}.Debug|Any CPU.ActiveCfg = Debug|Any CPU
		{87026AEA-444C-4E8D-AB21-F636DCC46FFD}.Debug|Any CPU.Build.0 = Debug|Any CPU
		{87026AEA-444C-4E8D-AB21-F636DCC46FFD}.Release|Any CPU.ActiveCfg = Release|Any CPU
		{87026AEA-444C-4E8D-AB21-F636DCC46FFD}.Release|Any CPU.Build.0 = Release|Any CPU
	EndGlobalSection
	GlobalSection(SolutionProperties) = preSolution
		HideSolutionNode = FALSE
	EndGlobalSection
	GlobalSection(ExtensibilityGlobals) = postSolution
		SolutionGuid = {DF4E7640-CE3D-49AC-9D43-96DDCA69DEF1}
	EndGlobalSection
EndGlobal
